// !$*UTF8*$!
{
	archiveVersion = 1;
	classes = {
	};
	objectVersion = 50;
	objects = {

/* Begin PBXBuildFile section */
		41D240ED21361E8500B59941 /* ChatViewController.swift in Sources */ = {isa = PBXBuildFile; fileRef = 41D240EC21361E8500B59941 /* ChatViewController.swift */; };
		41D240EF213645A900B59941 /* OutgoingMessages.swift in Sources */ = {isa = PBXBuildFile; fileRef = 41D240EE213645A900B59941 /* OutgoingMessages.swift */; };
		41D240F12136515100B59941 /* IncomingMessages.swift in Sources */ = {isa = PBXBuildFile; fileRef = 41D240F02136515100B59941 /* IncomingMessages.swift */; };
		41DCBD9821381A5500E103EF /* VideoMessage.swift in Sources */ = {isa = PBXBuildFile; fileRef = 41DCBD9721381A5500E103EF /* VideoMessage.swift */; };
		41DFE26D2134956500216F6B /* SettingsTableViewController.swift in Sources */ = {isa = PBXBuildFile; fileRef = 41DFE26C2134956500216F6B /* SettingsTableViewController.swift */; };
		41DFE26F21349AE900216F6B /* UserTableViewCell.swift in Sources */ = {isa = PBXBuildFile; fileRef = 41DFE26E21349AE900216F6B /* UserTableViewCell.swift */; };
		41DFE2722134A0D600216F6B /* UsersTableViewController.swift in Sources */ = {isa = PBXBuildFile; fileRef = 41DFE2712134A0D600216F6B /* UsersTableViewController.swift */; };
		41DFE2742134A99000216F6B /* ChatsViewController.swift in Sources */ = {isa = PBXBuildFile; fileRef = 41DFE2732134A99000216F6B /* ChatsViewController.swift */; };
		41DFE2762134C0C100216F6B /* ProfileTableViewController.swift in Sources */ = {isa = PBXBuildFile; fileRef = 41DFE2752134C0C100216F6B /* ProfileTableViewController.swift */; };
		41DFE2782134DAEA00216F6B /* Recent.swift in Sources */ = {isa = PBXBuildFile; fileRef = 41DFE2772134DAEA00216F6B /* Recent.swift */; };
		41DFE27A2134EC6900216F6B /* RecentChatTableViewCell.swift in Sources */ = {isa = PBXBuildFile; fileRef = 41DFE2792134EC6900216F6B /* RecentChatTableViewCell.swift */; };
		41E0CEEC2137A1D500F8E3CA /* Camera.swift in Sources */ = {isa = PBXBuildFile; fileRef = 41E0CEEB2137A1D500F8E3CA /* Camera.swift */; };
		41E0CEEE2137AA2800F8E3CA /* Downloader.swift in Sources */ = {isa = PBXBuildFile; fileRef = 41E0CEED2137AA2800F8E3CA /* Downloader.swift */; };
		41E0CEF02137BB4C00F8E3CA /* PhotoMediaItem.swift in Sources */ = {isa = PBXBuildFile; fileRef = 41E0CEEF2137BB4C00F8E3CA /* PhotoMediaItem.swift */; };
		41E2593F2138D3D60069A9CF /* AudioViewController.swift in Sources */ = {isa = PBXBuildFile; fileRef = 41E2593E2138D3D60069A9CF /* AudioViewController.swift */; };
		41E259412138E90C0069A9CF /* MapViewController.swift in Sources */ = {isa = PBXBuildFile; fileRef = 41E259402138E90C0069A9CF /* MapViewController.swift */; };
		41EF28B9212BD42600FE33DF /* AppDelegate.swift in Sources */ = {isa = PBXBuildFile; fileRef = 41EF28B8212BD42600FE33DF /* AppDelegate.swift */; };
		41EF28BE212BD42600FE33DF /* Main.storyboard in Resources */ = {isa = PBXBuildFile; fileRef = 41EF28BC212BD42600FE33DF /* Main.storyboard */; };
		41EF28C0212BD42700FE33DF /* Assets.xcassets in Resources */ = {isa = PBXBuildFile; fileRef = 41EF28BF212BD42700FE33DF /* Assets.xcassets */; };
		41EF28C3212BD42700FE33DF /* LaunchScreen.storyboard in Resources */ = {isa = PBXBuildFile; fileRef = 41EF28C1212BD42700FE33DF /* LaunchScreen.storyboard */; };
		41EF28CB212BD79D00FE33DF /* WelcomeViewController.swift in Sources */ = {isa = PBXBuildFile; fileRef = 41EF28CA212BD79D00FE33DF /* WelcomeViewController.swift */; };
		41EF28CD212BE04900FE33DF /* GoogleService-Info.plist in Resources */ = {isa = PBXBuildFile; fileRef = 41EF28CC212BE04900FE33DF /* GoogleService-Info.plist */; };
		41EF28D3212BE34400FE33DF /* FUser.swift in Sources */ = {isa = PBXBuildFile; fileRef = 41EF28D2212BE34400FE33DF /* FUser.swift */; };
		41EF28D5212BE38200FE33DF /* Constants.swift in Sources */ = {isa = PBXBuildFile; fileRef = 41EF28D4212BE38200FE33DF /* Constants.swift */; };
		41EF28D7212BE88900FE33DF /* CollectionReference.swift in Sources */ = {isa = PBXBuildFile; fileRef = 41EF28D6212BE88900FE33DF /* CollectionReference.swift */; };
		41EF28D9212BE91500FE33DF /* HelperFunctions.swift in Sources */ = {isa = PBXBuildFile; fileRef = 41EF28D8212BE91500FE33DF /* HelperFunctions.swift */; };
		41EF28DB212BFC3B00FE33DF /* FinishRegisterationViewController.swift in Sources */ = {isa = PBXBuildFile; fileRef = 41EF28DA212BFC3B00FE33DF /* FinishRegisterationViewController.swift */; };
		8B35E151DD1A914F9605F837 /* Pods_Pi_Chat.framework in Frameworks */ = {isa = PBXBuildFile; fileRef = AF67115A8A1058E1716BED5A /* Pods_Pi_Chat.framework */; };
/* End PBXBuildFile section */

/* Begin PBXFileReference section */
		06D0ABBA063DF694B5EFE6BF /* Pods-Pi-Chat.debug.xcconfig */ = {isa = PBXFileReference; includeInIndex = 1; lastKnownFileType = text.xcconfig; name = "Pods-Pi-Chat.debug.xcconfig"; path = "Pods/Target Support Files/Pods-Pi-Chat/Pods-Pi-Chat.debug.xcconfig"; sourceTree = "<group>"; };
		34E437C5753276C91FCA1684 /* Pods-Pi-Chat.release.xcconfig */ = {isa = PBXFileReference; includeInIndex = 1; lastKnownFileType = text.xcconfig; name = "Pods-Pi-Chat.release.xcconfig"; path = "Pods/Target Support Files/Pods-Pi-Chat/Pods-Pi-Chat.release.xcconfig"; sourceTree = "<group>"; };
		41D240EC21361E8500B59941 /* ChatViewController.swift */ = {isa = PBXFileReference; lastKnownFileType = sourcecode.swift; path = ChatViewController.swift; sourceTree = "<group>"; };
		41D240EE213645A900B59941 /* OutgoingMessages.swift */ = {isa = PBXFileReference; lastKnownFileType = sourcecode.swift; path = OutgoingMessages.swift; sourceTree = "<group>"; };
		41D240F02136515100B59941 /* IncomingMessages.swift */ = {isa = PBXFileReference; lastKnownFileType = sourcecode.swift; path = IncomingMessages.swift; sourceTree = "<group>"; };
		41DCBD9721381A5500E103EF /* VideoMessage.swift */ = {isa = PBXFileReference; lastKnownFileType = sourcecode.swift; path = VideoMessage.swift; sourceTree = "<group>"; };
		41DFE26C2134956500216F6B /* SettingsTableViewController.swift */ = {isa = PBXFileReference; lastKnownFileType = sourcecode.swift; path = SettingsTableViewController.swift; sourceTree = "<group>"; };
		41DFE26E21349AE900216F6B /* UserTableViewCell.swift */ = {isa = PBXFileReference; lastKnownFileType = sourcecode.swift; path = UserTableViewCell.swift; sourceTree = "<group>"; };
		41DFE2712134A0D600216F6B /* UsersTableViewController.swift */ = {isa = PBXFileReference; lastKnownFileType = sourcecode.swift; path = UsersTableViewController.swift; sourceTree = "<group>"; };
		41DFE2732134A99000216F6B /* ChatsViewController.swift */ = {isa = PBXFileReference; lastKnownFileType = sourcecode.swift; path = ChatsViewController.swift; sourceTree = "<group>"; };
		41DFE2752134C0C100216F6B /* ProfileTableViewController.swift */ = {isa = PBXFileReference; lastKnownFileType = sourcecode.swift; path = ProfileTableViewController.swift; sourceTree = "<group>"; };
		41DFE2772134DAEA00216F6B /* Recent.swift */ = {isa = PBXFileReference; lastKnownFileType = sourcecode.swift; path = Recent.swift; sourceTree = "<group>"; };
		41DFE2792134EC6900216F6B /* RecentChatTableViewCell.swift */ = {isa = PBXFileReference; lastKnownFileType = sourcecode.swift; path = RecentChatTableViewCell.swift; sourceTree = "<group>"; };
		41E0CEEB2137A1D500F8E3CA /* Camera.swift */ = {isa = PBXFileReference; lastKnownFileType = sourcecode.swift; path = Camera.swift; sourceTree = "<group>"; };
		41E0CEED2137AA2800F8E3CA /* Downloader.swift */ = {isa = PBXFileReference; lastKnownFileType = sourcecode.swift; path = Downloader.swift; sourceTree = "<group>"; };
		41E0CEEF2137BB4C00F8E3CA /* PhotoMediaItem.swift */ = {isa = PBXFileReference; lastKnownFileType = sourcecode.swift; path = PhotoMediaItem.swift; sourceTree = "<group>"; };
		41E2593E2138D3D60069A9CF /* AudioViewController.swift */ = {isa = PBXFileReference; lastKnownFileType = sourcecode.swift; path = AudioViewController.swift; sourceTree = "<group>"; };
		41E259402138E90C0069A9CF /* MapViewController.swift */ = {isa = PBXFileReference; lastKnownFileType = sourcecode.swift; path = MapViewController.swift; sourceTree = "<group>"; };
		41EF28B5212BD42600FE33DF /* Pi-Chat.app */ = {isa = PBXFileReference; explicitFileType = wrapper.application; includeInIndex = 0; path = "Pi-Chat.app"; sourceTree = BUILT_PRODUCTS_DIR; };
		41EF28B8212BD42600FE33DF /* AppDelegate.swift */ = {isa = PBXFileReference; lastKnownFileType = sourcecode.swift; path = AppDelegate.swift; sourceTree = "<group>"; };
		41EF28BD212BD42600FE33DF /* Base */ = {isa = PBXFileReference; lastKnownFileType = file.storyboard; name = Base; path = Base.lproj/Main.storyboard; sourceTree = "<group>"; };
		41EF28BF212BD42700FE33DF /* Assets.xcassets */ = {isa = PBXFileReference; lastKnownFileType = folder.assetcatalog; path = Assets.xcassets; sourceTree = "<group>"; };
		41EF28C2212BD42700FE33DF /* Base */ = {isa = PBXFileReference; lastKnownFileType = file.storyboard; name = Base; path = Base.lproj/LaunchScreen.storyboard; sourceTree = "<group>"; };
		41EF28C4212BD42700FE33DF /* Info.plist */ = {isa = PBXFileReference; lastKnownFileType = text.plist.xml; path = Info.plist; sourceTree = "<group>"; };
		41EF28CA212BD79D00FE33DF /* WelcomeViewController.swift */ = {isa = PBXFileReference; lastKnownFileType = sourcecode.swift; path = WelcomeViewController.swift; sourceTree = "<group>"; };
		41EF28CC212BE04900FE33DF /* GoogleService-Info.plist */ = {isa = PBXFileReference; fileEncoding = 4; lastKnownFileType = text.plist.xml; path = "GoogleService-Info.plist"; sourceTree = "<group>"; };
		41EF28D2212BE34400FE33DF /* FUser.swift */ = {isa = PBXFileReference; lastKnownFileType = sourcecode.swift; path = FUser.swift; sourceTree = "<group>"; };
		41EF28D4212BE38200FE33DF /* Constants.swift */ = {isa = PBXFileReference; lastKnownFileType = sourcecode.swift; path = Constants.swift; sourceTree = "<group>"; };
		41EF28D6212BE88900FE33DF /* CollectionReference.swift */ = {isa = PBXFileReference; lastKnownFileType = sourcecode.swift; path = CollectionReference.swift; sourceTree = "<group>"; };
		41EF28D8212BE91500FE33DF /* HelperFunctions.swift */ = {isa = PBXFileReference; lastKnownFileType = sourcecode.swift; path = HelperFunctions.swift; sourceTree = "<group>"; };
		41EF28DA212BFC3B00FE33DF /* FinishRegisterationViewController.swift */ = {isa = PBXFileReference; lastKnownFileType = sourcecode.swift; path = FinishRegisterationViewController.swift; sourceTree = "<group>"; };
		AF67115A8A1058E1716BED5A /* Pods_Pi_Chat.framework */ = {isa = PBXFileReference; explicitFileType = wrapper.framework; includeInIndex = 0; path = Pods_Pi_Chat.framework; sourceTree = BUILT_PRODUCTS_DIR; };
/* End PBXFileReference section */

/* Begin PBXFrameworksBuildPhase section */
		41EF28B2212BD42600FE33DF /* Frameworks */ = {
			isa = PBXFrameworksBuildPhase;
			buildActionMask = 2147483647;
			files = (
				8B35E151DD1A914F9605F837 /* Pods_Pi_Chat.framework in Frameworks */,
			);
			runOnlyForDeploymentPostprocessing = 0;
		};
/* End PBXFrameworksBuildPhase section */

/* Begin PBXGroup section */
		0B983AA9BAD3B5A231A93A46 /* Frameworks */ = {
			isa = PBXGroup;
			children = (
				AF67115A8A1058E1716BED5A /* Pods_Pi_Chat.framework */,
			);
			name = Frameworks;
			sourceTree = "<group>";
		};
		3F8B87AEF92FC86A24582766 /* Pods */ = {
			isa = PBXGroup;
			children = (
				06D0ABBA063DF694B5EFE6BF /* Pods-Pi-Chat.debug.xcconfig */,
				34E437C5753276C91FCA1684 /* Pods-Pi-Chat.release.xcconfig */,
			);
			name = Pods;
			sourceTree = "<group>";
		};
		41DFE2702134A0A600216F6B /* Custom Cells */ = {
			isa = PBXGroup;
			children = (
				41DFE26E21349AE900216F6B /* UserTableViewCell.swift */,
				41DFE2792134EC6900216F6B /* RecentChatTableViewCell.swift */,
			);
			path = "Custom Cells";
			sourceTree = "<group>";
		};
		41EF28AC212BD42600FE33DF = {
			isa = PBXGroup;
			children = (
				41EF28B7212BD42600FE33DF /* Pi-Chat */,
				41EF28B6212BD42600FE33DF /* Products */,
				3F8B87AEF92FC86A24582766 /* Pods */,
				0B983AA9BAD3B5A231A93A46 /* Frameworks */,
			);
			sourceTree = "<group>";
		};
		41EF28B6212BD42600FE33DF /* Products */ = {
			isa = PBXGroup;
			children = (
				41EF28B5212BD42600FE33DF /* Pi-Chat.app */,
			);
			name = Products;
			sourceTree = "<group>";
		};
		41EF28B7212BD42600FE33DF /* Pi-Chat */ = {
			isa = PBXGroup;
			children = (
				41EF28B8212BD42600FE33DF /* AppDelegate.swift */,
				41EF28CA212BD79D00FE33DF /* WelcomeViewController.swift */,
				41EF28DA212BFC3B00FE33DF /* FinishRegisterationViewController.swift */,
				41DFE26C2134956500216F6B /* SettingsTableViewController.swift */,
				41DFE2712134A0D600216F6B /* UsersTableViewController.swift */,
				41D240EC21361E8500B59941 /* ChatViewController.swift */,
				41DFE2732134A99000216F6B /* ChatsViewController.swift */,
				41DFE2752134C0C100216F6B /* ProfileTableViewController.swift */,
				41E259402138E90C0069A9CF /* MapViewController.swift */,
				41DFE2702134A0A600216F6B /* Custom Cells */,
				41EF28DD212BFC8500FE33DF /* Classes */,
				41EF28DC212BFC6700FE33DF /* Helpers */,
				41EF28BC212BD42600FE33DF /* Main.storyboard */,
				41EF28BF212BD42700FE33DF /* Assets.xcassets */,
				41EF28C1212BD42700FE33DF /* LaunchScreen.storyboard */,
				41EF28C4212BD42700FE33DF /* Info.plist */,
				41EF28CC212BE04900FE33DF /* GoogleService-Info.plist */,
			);
			path = "Pi-Chat";
			sourceTree = "<group>";
		};
		41EF28DC212BFC6700FE33DF /* Helpers */ = {
			isa = PBXGroup;
			children = (
				41EF28D4212BE38200FE33DF /* Constants.swift */,
				41E0CEEB2137A1D500F8E3CA /* Camera.swift */,
				41E0CEED2137AA2800F8E3CA /* Downloader.swift */,
				41EF28D6212BE88900FE33DF /* CollectionReference.swift */,
				41EF28D8212BE91500FE33DF /* HelperFunctions.swift */,
			);
			path = Helpers;
			sourceTree = "<group>";
		};
		41EF28DD212BFC8500FE33DF /* Classes */ = {
			isa = PBXGroup;
			children = (
				41EF28D2212BE34400FE33DF /* FUser.swift */,
				41DFE2772134DAEA00216F6B /* Recent.swift */,
				41E0CEEF2137BB4C00F8E3CA /* PhotoMediaItem.swift */,
				41DCBD9721381A5500E103EF /* VideoMessage.swift */,
				41E2593E2138D3D60069A9CF /* AudioViewController.swift */,
				41D240EE213645A900B59941 /* OutgoingMessages.swift */,
				41D240F02136515100B59941 /* IncomingMessages.swift */,
			);
			path = Classes;
			sourceTree = "<group>";
		};
/* End PBXGroup section */

/* Begin PBXNativeTarget section */
		41EF28B4212BD42600FE33DF /* Pi-Chat */ = {
			isa = PBXNativeTarget;
			buildConfigurationList = 41EF28C7212BD42700FE33DF /* Build configuration list for PBXNativeTarget "Pi-Chat" */;
			buildPhases = (
				A6EA4E3DFBD2D31D362523EF /* [CP] Check Pods Manifest.lock */,
				41EF28B1212BD42600FE33DF /* Sources */,
				41EF28B2212BD42600FE33DF /* Frameworks */,
				41EF28B3212BD42600FE33DF /* Resources */,
				B2265D0A419F8F26EC19B19A /* [CP] Embed Pods Frameworks */,
				286CAB9FB8CA548651C70EC4 /* [CP] Copy Pods Resources */,
			);
			buildRules = (
			);
			dependencies = (
			);
			name = "Pi-Chat";
			productName = "Pi-Chat";
			productReference = 41EF28B5212BD42600FE33DF /* Pi-Chat.app */;
			productType = "com.apple.product-type.application";
		};
/* End PBXNativeTarget section */

/* Begin PBXProject section */
		41EF28AD212BD42600FE33DF /* Project object */ = {
			isa = PBXProject;
			attributes = {
				LastSwiftUpdateCheck = 0940;
				LastUpgradeCheck = 0940;
				ORGANIZATIONNAME = "Abdullah  Ali Shah";
				TargetAttributes = {
					41EF28B4212BD42600FE33DF = {
						CreatedOnToolsVersion = 9.4;
					};
				};
			};
			buildConfigurationList = 41EF28B0212BD42600FE33DF /* Build configuration list for PBXProject "Pi-Chat" */;
			compatibilityVersion = "Xcode 9.3";
			developmentRegion = en;
			hasScannedForEncodings = 0;
			knownRegions = (
				en,
				Base,
			);
			mainGroup = 41EF28AC212BD42600FE33DF;
			productRefGroup = 41EF28B6212BD42600FE33DF /* Products */;
			projectDirPath = "";
			projectRoot = "";
			targets = (
				41EF28B4212BD42600FE33DF /* Pi-Chat */,
			);
		};
/* End PBXProject section */

/* Begin PBXResourcesBuildPhase section */
		41EF28B3212BD42600FE33DF /* Resources */ = {
			isa = PBXResourcesBuildPhase;
			buildActionMask = 2147483647;
			files = (
				41EF28C3212BD42700FE33DF /* LaunchScreen.storyboard in Resources */,
				41EF28CD212BE04900FE33DF /* GoogleService-Info.plist in Resources */,
				41EF28C0212BD42700FE33DF /* Assets.xcassets in Resources */,
				41EF28BE212BD42600FE33DF /* Main.storyboard in Resources */,
			);
			runOnlyForDeploymentPostprocessing = 0;
		};
/* End PBXResourcesBuildPhase section */

/* Begin PBXShellScriptBuildPhase section */
		286CAB9FB8CA548651C70EC4 /* [CP] Copy Pods Resources */ = {
			isa = PBXShellScriptBuildPhase;
			buildActionMask = 2147483647;
			files = (
			);
			inputPaths = (
			);
			name = "[CP] Copy Pods Resources";
			outputPaths = (
			);
			runOnlyForDeploymentPostprocessing = 0;
			shellPath = /bin/sh;
			shellScript = "\"${SRCROOT}/Pods/Target Support Files/Pods-Pi-Chat/Pods-Pi-Chat-resources.sh\"\n";
			showEnvVarsInLog = 0;
		};
		A6EA4E3DFBD2D31D362523EF /* [CP] Check Pods Manifest.lock */ = {
			isa = PBXShellScriptBuildPhase;
			buildActionMask = 2147483647;
			files = (
			);
			inputPaths = (
				"${PODS_PODFILE_DIR_PATH}/Podfile.lock",
				"${PODS_ROOT}/Manifest.lock",
			);
			name = "[CP] Check Pods Manifest.lock";
			outputPaths = (
				"$(DERIVED_FILE_DIR)/Pods-Pi-Chat-checkManifestLockResult.txt",
			);
			runOnlyForDeploymentPostprocessing = 0;
			shellPath = /bin/sh;
			shellScript = "diff \"${PODS_PODFILE_DIR_PATH}/Podfile.lock\" \"${PODS_ROOT}/Manifest.lock\" > /dev/null\nif [ $? != 0 ] ; then\n    # print error to STDERR\n    echo \"error: The sandbox is not in sync with the Podfile.lock. Run 'pod install' or update your CocoaPods installation.\" >&2\n    exit 1\nfi\n# This output is used by Xcode 'outputs' to avoid re-running this script phase.\necho \"SUCCESS\" > \"${SCRIPT_OUTPUT_FILE_0}\"\n";
			showEnvVarsInLog = 0;
		};
		B2265D0A419F8F26EC19B19A /* [CP] Embed Pods Frameworks */ = {
			isa = PBXShellScriptBuildPhase;
			buildActionMask = 2147483647;
			files = (
			);
			inputPaths = (
				"${SRCROOT}/Pods/Target Support Files/Pods-Pi-Chat/Pods-Pi-Chat-frameworks.sh",
				"${BUILT_PRODUCTS_DIR}/BoringSSL/openssl.framework",
				"${BUILT_PRODUCTS_DIR}/DACircularProgress/DACircularProgress.framework",
				"${BUILT_PRODUCTS_DIR}/GTMSessionFetcher/GTMSessionFetcher.framework",
				"${BUILT_PRODUCTS_DIR}/GoogleToolboxForMac/GoogleToolboxForMac.framework",
				"${BUILT_PRODUCTS_DIR}/IDMPhotoBrowser/IDMPhotoBrowser.framework",
				"${BUILT_PRODUCTS_DIR}/IQAudioRecorderController/IQAudioRecorderController.framework",
				"${BUILT_PRODUCTS_DIR}/ImagePicker/ImagePicker.framework",
				"${BUILT_PRODUCTS_DIR}/JSQMessagesViewController/JSQMessagesViewController.framework",
				"${BUILT_PRODUCTS_DIR}/JSQSystemSoundPlayer/JSQSystemSoundPlayer.framework",
				"${BUILT_PRODUCTS_DIR}/MBProgressHUD/MBProgressHUD.framework",
				"${BUILT_PRODUCTS_DIR}/ProgressHUD/ProgressHUD.framework",
				"${BUILT_PRODUCTS_DIR}/Protobuf/Protobuf.framework",
				"${BUILT_PRODUCTS_DIR}/SCSiriWaveformView/SCSiriWaveformView.framework",
				"${BUILT_PRODUCTS_DIR}/SDWebImage/SDWebImage.framework",
				"${BUILT_PRODUCTS_DIR}/gRPC/GRPCClient.framework",
				"${BUILT_PRODUCTS_DIR}/gRPC-Core/grpc.framework",
				"${BUILT_PRODUCTS_DIR}/gRPC-ProtoRPC/ProtoRPC.framework",
				"${BUILT_PRODUCTS_DIR}/gRPC-RxLibrary/RxLibrary.framework",
				"${BUILT_PRODUCTS_DIR}/leveldb-library/leveldb.framework",
				"${BUILT_PRODUCTS_DIR}/nanopb/nanopb.framework",
				"${BUILT_PRODUCTS_DIR}/pop/pop.framework",
			);
			name = "[CP] Embed Pods Frameworks";
			outputPaths = (
				"${TARGET_BUILD_DIR}/${FRAMEWORKS_FOLDER_PATH}/openssl.framework",
				"${TARGET_BUILD_DIR}/${FRAMEWORKS_FOLDER_PATH}/DACircularProgress.framework",
				"${TARGET_BUILD_DIR}/${FRAMEWORKS_FOLDER_PATH}/GTMSessionFetcher.framework",
				"${TARGET_BUILD_DIR}/${FRAMEWORKS_FOLDER_PATH}/GoogleToolboxForMac.framework",
				"${TARGET_BUILD_DIR}/${FRAMEWORKS_FOLDER_PATH}/IDMPhotoBrowser.framework",
				"${TARGET_BUILD_DIR}/${FRAMEWORKS_FOLDER_PATH}/IQAudioRecorderController.framework",
				"${TARGET_BUILD_DIR}/${FRAMEWORKS_FOLDER_PATH}/ImagePicker.framework",
				"${TARGET_BUILD_DIR}/${FRAMEWORKS_FOLDER_PATH}/JSQMessagesViewController.framework",
				"${TARGET_BUILD_DIR}/${FRAMEWORKS_FOLDER_PATH}/JSQSystemSoundPlayer.framework",
				"${TARGET_BUILD_DIR}/${FRAMEWORKS_FOLDER_PATH}/MBProgressHUD.framework",
				"${TARGET_BUILD_DIR}/${FRAMEWORKS_FOLDER_PATH}/ProgressHUD.framework",
				"${TARGET_BUILD_DIR}/${FRAMEWORKS_FOLDER_PATH}/Protobuf.framework",
				"${TARGET_BUILD_DIR}/${FRAMEWORKS_FOLDER_PATH}/SCSiriWaveformView.framework",
				"${TARGET_BUILD_DIR}/${FRAMEWORKS_FOLDER_PATH}/SDWebImage.framework",
				"${TARGET_BUILD_DIR}/${FRAMEWORKS_FOLDER_PATH}/GRPCClient.framework",
				"${TARGET_BUILD_DIR}/${FRAMEWORKS_FOLDER_PATH}/grpc.framework",
				"${TARGET_BUILD_DIR}/${FRAMEWORKS_FOLDER_PATH}/ProtoRPC.framework",
				"${TARGET_BUILD_DIR}/${FRAMEWORKS_FOLDER_PATH}/RxLibrary.framework",
				"${TARGET_BUILD_DIR}/${FRAMEWORKS_FOLDER_PATH}/leveldb.framework",
				"${TARGET_BUILD_DIR}/${FRAMEWORKS_FOLDER_PATH}/nanopb.framework",
				"${TARGET_BUILD_DIR}/${FRAMEWORKS_FOLDER_PATH}/pop.framework",
			);
			runOnlyForDeploymentPostprocessing = 0;
			shellPath = /bin/sh;
			shellScript = "\"${SRCROOT}/Pods/Target Support Files/Pods-Pi-Chat/Pods-Pi-Chat-frameworks.sh\"\n";
			showEnvVarsInLog = 0;
		};
/* End PBXShellScriptBuildPhase section */

/* Begin PBXSourcesBuildPhase section */
		41EF28B1212BD42600FE33DF /* Sources */ = {
			isa = PBXSourcesBuildPhase;
			buildActionMask = 2147483647;
			files = (
				41EF28DB212BFC3B00FE33DF /* FinishRegisterationViewController.swift in Sources */,
				41DFE2782134DAEA00216F6B /* Recent.swift in Sources */,
				41DFE26F21349AE900216F6B /* UserTableViewCell.swift in Sources */,
				41EF28D3212BE34400FE33DF /* FUser.swift in Sources */,
				41DCBD9821381A5500E103EF /* VideoMessage.swift in Sources */,
				41E0CEF02137BB4C00F8E3CA /* PhotoMediaItem.swift in Sources */,
				41D240F12136515100B59941 /* IncomingMessages.swift in Sources */,
				41DFE27A2134EC6900216F6B /* RecentChatTableViewCell.swift in Sources */,
				41D240EF213645A900B59941 /* OutgoingMessages.swift in Sources */,
				41E259412138E90C0069A9CF /* MapViewController.swift in Sources */,
				41EF28B9212BD42600FE33DF /* AppDelegate.swift in Sources */,
				41E0CEEC2137A1D500F8E3CA /* Camera.swift in Sources */,
				41EF28CB212BD79D00FE33DF /* WelcomeViewController.swift in Sources */,
				41E0CEEE2137AA2800F8E3CA /* Downloader.swift in Sources */,
				41DFE26D2134956500216F6B /* SettingsTableViewController.swift in Sources */,
				41DFE2762134C0C100216F6B /* ProfileTableViewController.swift in Sources */,
				41DFE2742134A99000216F6B /* ChatsViewController.swift in Sources */,
				41EF28D7212BE88900FE33DF /* CollectionReference.swift in Sources */,
				41EF28D5212BE38200FE33DF /* Constants.swift in Sources */,
				41DFE2722134A0D600216F6B /* UsersTableViewController.swift in Sources */,
				41E2593F2138D3D60069A9CF /* AudioViewController.swift in Sources */,
				41D240ED21361E8500B59941 /* ChatViewController.swift in Sources */,
				41EF28D9212BE91500FE33DF /* HelperFunctions.swift in Sources */,
			);
			runOnlyForDeploymentPostprocessing = 0;
		};
/* End PBXSourcesBuildPhase section */

/* Begin PBXVariantGroup section */
		41EF28BC212BD42600FE33DF /* Main.storyboard */ = {
			isa = PBXVariantGroup;
			children = (
				41EF28BD212BD42600FE33DF /* Base */,
			);
			name = Main.storyboard;
			sourceTree = "<group>";
		};
		41EF28C1212BD42700FE33DF /* LaunchScreen.storyboard */ = {
			isa = PBXVariantGroup;
			children = (
				41EF28C2212BD42700FE33DF /* Base */,
			);
			name = LaunchScreen.storyboard;
			sourceTree = "<group>";
		};
/* End PBXVariantGroup section */

/* Begin XCBuildConfiguration section */
		41EF28C5212BD42700FE33DF /* Debug */ = {
			isa = XCBuildConfiguration;
			buildSettings = {
				ALWAYS_SEARCH_USER_PATHS = NO;
				CLANG_ANALYZER_NONNULL = YES;
				CLANG_ANALYZER_NUMBER_OBJECT_CONVERSION = YES_AGGRESSIVE;
				CLANG_CXX_LANGUAGE_STANDARD = "gnu++14";
				CLANG_CXX_LIBRARY = "libc++";
				CLANG_ENABLE_MODULES = YES;
				CLANG_ENABLE_OBJC_ARC = YES;
				CLANG_ENABLE_OBJC_WEAK = YES;
				CLANG_WARN_BLOCK_CAPTURE_AUTORELEASING = YES;
				CLANG_WARN_BOOL_CONVERSION = YES;
				CLANG_WARN_COMMA = YES;
				CLANG_WARN_CONSTANT_CONVERSION = YES;
				CLANG_WARN_DEPRECATED_OBJC_IMPLEMENTATIONS = YES;
				CLANG_WARN_DIRECT_OBJC_ISA_USAGE = YES_ERROR;
				CLANG_WARN_DOCUMENTATION_COMMENTS = YES;
				CLANG_WARN_EMPTY_BODY = YES;
				CLANG_WARN_ENUM_CONVERSION = YES;
				CLANG_WARN_INFINITE_RECURSION = YES;
				CLANG_WARN_INT_CONVERSION = YES;
				CLANG_WARN_NON_LITERAL_NULL_CONVERSION = YES;
				CLANG_WARN_OBJC_IMPLICIT_RETAIN_SELF = YES;
				CLANG_WARN_OBJC_LITERAL_CONVERSION = YES;
				CLANG_WARN_OBJC_ROOT_CLASS = YES_ERROR;
				CLANG_WARN_RANGE_LOOP_ANALYSIS = YES;
				CLANG_WARN_STRICT_PROTOTYPES = YES;
				CLANG_WARN_SUSPICIOUS_MOVE = YES;
				CLANG_WARN_UNGUARDED_AVAILABILITY = YES_AGGRESSIVE;
				CLANG_WARN_UNREACHABLE_CODE = YES;
				CLANG_WARN__DUPLICATE_METHOD_MATCH = YES;
				CODE_SIGN_IDENTITY = "iPhone Developer";
				COPY_PHASE_STRIP = NO;
				DEBUG_INFORMATION_FORMAT = dwarf;
				ENABLE_STRICT_OBJC_MSGSEND = YES;
				ENABLE_TESTABILITY = YES;
				GCC_C_LANGUAGE_STANDARD = gnu11;
				GCC_DYNAMIC_NO_PIC = NO;
				GCC_NO_COMMON_BLOCKS = YES;
				GCC_OPTIMIZATION_LEVEL = 0;
				GCC_PREPROCESSOR_DEFINITIONS = (
					"DEBUG=1",
					"$(inherited)",
				);
				GCC_WARN_64_TO_32_BIT_CONVERSION = YES;
				GCC_WARN_ABOUT_RETURN_TYPE = YES_ERROR;
				GCC_WARN_UNDECLARED_SELECTOR = YES;
				GCC_WARN_UNINITIALIZED_AUTOS = YES_AGGRESSIVE;
				GCC_WARN_UNUSED_FUNCTION = YES;
				GCC_WARN_UNUSED_VARIABLE = YES;
				IPHONEOS_DEPLOYMENT_TARGET = 11.4;
				MTL_ENABLE_DEBUG_INFO = YES;
				ONLY_ACTIVE_ARCH = YES;
				SDKROOT = iphoneos;
				SWIFT_ACTIVE_COMPILATION_CONDITIONS = DEBUG;
				SWIFT_OPTIMIZATION_LEVEL = "-Onone";
			};
			name = Debug;
		};
		41EF28C6212BD42700FE33DF /* Release */ = {
			isa = XCBuildConfiguration;
			buildSettings = {
				ALWAYS_SEARCH_USER_PATHS = NO;
				CLANG_ANALYZER_NONNULL = YES;
				CLANG_ANALYZER_NUMBER_OBJECT_CONVERSION = YES_AGGRESSIVE;
				CLANG_CXX_LANGUAGE_STANDARD = "gnu++14";
				CLANG_CXX_LIBRARY = "libc++";
				CLANG_ENABLE_MODULES = YES;
				CLANG_ENABLE_OBJC_ARC = YES;
				CLANG_ENABLE_OBJC_WEAK = YES;
				CLANG_WARN_BLOCK_CAPTURE_AUTORELEASING = YES;
				CLANG_WARN_BOOL_CONVERSION = YES;
				CLANG_WARN_COMMA = YES;
				CLANG_WARN_CONSTANT_CONVERSION = YES;
				CLANG_WARN_DEPRECATED_OBJC_IMPLEMENTATIONS = YES;
				CLANG_WARN_DIRECT_OBJC_ISA_USAGE = YES_ERROR;
				CLANG_WARN_DOCUMENTATION_COMMENTS = YES;
				CLANG_WARN_EMPTY_BODY = YES;
				CLANG_WARN_ENUM_CONVERSION = YES;
				CLANG_WARN_INFINITE_RECURSION = YES;
				CLANG_WARN_INT_CONVERSION = YES;
				CLANG_WARN_NON_LITERAL_NULL_CONVERSION = YES;
				CLANG_WARN_OBJC_IMPLICIT_RETAIN_SELF = YES;
				CLANG_WARN_OBJC_LITERAL_CONVERSION = YES;
				CLANG_WARN_OBJC_ROOT_CLASS = YES_ERROR;
				CLANG_WARN_RANGE_LOOP_ANALYSIS = YES;
				CLANG_WARN_STRICT_PROTOTYPES = YES;
				CLANG_WARN_SUSPICIOUS_MOVE = YES;
				CLANG_WARN_UNGUARDED_AVAILABILITY = YES_AGGRESSIVE;
				CLANG_WARN_UNREACHABLE_CODE = YES;
				CLANG_WARN__DUPLICATE_METHOD_MATCH = YES;
				CODE_SIGN_IDENTITY = "iPhone Developer";
				COPY_PHASE_STRIP = NO;
				DEBUG_INFORMATION_FORMAT = "dwarf-with-dsym";
				ENABLE_NS_ASSERTIONS = NO;
				ENABLE_STRICT_OBJC_MSGSEND = YES;
				GCC_C_LANGUAGE_STANDARD = gnu11;
				GCC_NO_COMMON_BLOCKS = YES;
				GCC_WARN_64_TO_32_BIT_CONVERSION = YES;
				GCC_WARN_ABOUT_RETURN_TYPE = YES_ERROR;
				GCC_WARN_UNDECLARED_SELECTOR = YES;
				GCC_WARN_UNINITIALIZED_AUTOS = YES_AGGRESSIVE;
				GCC_WARN_UNUSED_FUNCTION = YES;
				GCC_WARN_UNUSED_VARIABLE = YES;
				IPHONEOS_DEPLOYMENT_TARGET = 11.4;
				MTL_ENABLE_DEBUG_INFO = NO;
				SDKROOT = iphoneos;
				SWIFT_COMPILATION_MODE = wholemodule;
				SWIFT_OPTIMIZATION_LEVEL = "-O";
				VALIDATE_PRODUCT = YES;
			};
			name = Release;
		};
		41EF28C8212BD42700FE33DF /* Debug */ = {
			isa = XCBuildConfiguration;
			baseConfigurationReference = 06D0ABBA063DF694B5EFE6BF /* Pods-Pi-Chat.debug.xcconfig */;
			buildSettings = {
				ASSETCATALOG_COMPILER_APPICON_NAME = AppIcon;
				CODE_SIGN_STYLE = Automatic;
				DEVELOPMENT_TEAM = VTZ756JMSN;
				INFOPLIST_FILE = "Pi-Chat/Info.plist";
				LD_RUNPATH_SEARCH_PATHS = (
					"$(inherited)",
					"@executable_path/Frameworks",
				);
				PRODUCT_BUNDLE_IDENTIFIER = "com.dev-ali.Pi-Chat";
				PRODUCT_NAME = "$(TARGET_NAME)";
				SWIFT_VERSION = 4.0;
				TARGETED_DEVICE_FAMILY = "1,2";
			};
			name = Debug;
		};
		41EF28C9212BD42700FE33DF /* Release */ = {
			isa = XCBuildConfiguration;
			baseConfigurationReference = 34E437C5753276C91FCA1684 /* Pods-Pi-Chat.release.xcconfig */;
			buildSettings = {
				ASSETCATALOG_COMPILER_APPICON_NAME = AppIcon;
				CODE_SIGN_STYLE = Automatic;
				DEVELOPMENT_TEAM = VTZ756JMSN;
				INFOPLIST_FILE = "Pi-Chat/Info.plist";
				LD_RUNPATH_SEARCH_PATHS = (
					"$(inherited)",
					"@executable_path/Frameworks",
				);
				PRODUCT_BUNDLE_IDENTIFIER = "com.dev-ali.Pi-Chat";
				PRODUCT_NAME = "$(TARGET_NAME)";
				SWIFT_VERSION = 4.0;
				TARGETED_DEVICE_FAMILY = "1,2";
			};
			name = Release;
		};
/* End XCBuildConfiguration section */

/* Begin XCConfigurationList section */
		41EF28B0212BD42600FE33DF /* Build configuration list for PBXProject "Pi-Chat" */ = {
			isa = XCConfigurationList;
			buildConfigurations = (
				41EF28C5212BD42700FE33DF /* Debug */,
				41EF28C6212BD42700FE33DF /* Release */,
			);
			defaultConfigurationIsVisible = 0;
			defaultConfigurationName = Release;
		};
		41EF28C7212BD42700FE33DF /* Build configuration list for PBXNativeTarget "Pi-Chat" */ = {
			isa = XCConfigurationList;
			buildConfigurations = (
				41EF28C8212BD42700FE33DF /* Debug */,
				41EF28C9212BD42700FE33DF /* Release */,
			);
			defaultConfigurationIsVisible = 0;
			defaultConfigurationName = Release;
		};
/* End XCConfigurationList section */
	};
	rootObject = 41EF28AD212BD42600FE33DF /* Project object */;
}
